
Microsoft Visual Studio Solution File, Format Version 12.00
# Visual Studio Version 16
VisualStudioVersion = 16.0.31424.327
MinimumVisualStudioVersion = 10.0.40219.1
Project("{FAE04EC0-301F-11D3-BF4B-00C04F79EFBC}") = "asus", "asus.csproj", "{8DBF3AA8-8996-48BA-A813-316A38F6FCAB}"
EndProject
Global
	GlobalSection(SolutionConfigurationPlatforms) = preSolution
		Debug|Any CPU = Debug|Any CPU
		Release|Any CPU = Release|Any CPU
	EndGlobalSection
	GlobalSection(ProjectConfigurationPlatforms) = postSolution
		{8DBF3AA8-8996-48BA-A813-316A38F6FCAB}.Debug|Any CPU.ActiveCfg = Debug|Any CPU
		{8DBF3AA8-8996-48BA-A813-316A38F6FCAB}.Debug|Any CPU.Build.0 = Debug|Any CPU
		{8DBF3AA8-8996-48BA-A813-316A38F6FCAB}.Release|Any CPU.ActiveCfg = Release|Any CPU
		{8DBF3AA8-8996-48BA-A813-316A38F6FCAB}.Release|Any CPU.Build.0 = Release|Any CPU
	EndGlobalSection
	GlobalSection(SolutionProperties) = preSolution
		HideSolutionNode = FALSE
	EndGlobalSection
	GlobalSection(ExtensibilityGlobals) = postSolution
		SolutionGuid = {CBD9C165-2270-42F9-80D5-6410B9C2A662}
	EndGlobalSection
EndGlobal
